
Microsoft Visual Studio Solution File, Format Version 12.00
# Visual Studio Version 16
VisualStudioVersion = 16.0.808.5
MinimumVisualStudioVersion = 10.0.40219.1
Project("{FAE04EC0-301F-11D3-BF4B-00C04F79EFBC}") = "testMonogame", "testMonogame\testMonogame.csproj", "{EE57A22F-0576-446E-83CF-099C3C98FD14}"
EndProject
Global
	GlobalSection(SolutionConfigurationPlatforms) = preSolution
		Debug|Any CPU = Debug|Any CPU
		Release|Any CPU = Release|Any CPU
	EndGlobalSection
	GlobalSection(ProjectConfigurationPlatforms) = postSolution
		{EE57A22F-0576-446E-83CF-099C3C98FD14}.Debug|Any CPU.ActiveCfg = Debug|Any CPU
		{EE57A22F-0576-446E-83CF-099C3C98FD14}.Debug|Any CPU.Build.0 = Debug|Any CPU
		{EE57A22F-0576-446E-83CF-099C3C98FD14}.Release|Any CPU.ActiveCfg = Release|Any CPU
		{EE57A22F-0576-446E-83CF-099C3C98FD14}.Release|Any CPU.Build.0 = Release|Any CPU
	EndGlobalSection
	GlobalSection(SolutionProperties) = preSolution
		HideSolutionNode = FALSE
	EndGlobalSection
	GlobalSection(ExtensibilityGlobals) = postSolution
		SolutionGuid = {8B745D23-FA9F-45F8-A830-16D6731C0F69}
	EndGlobalSection
EndGlobal
